PODS:
  - Alamofire (4.7.3)
  - CreditCardForm (0.1.7)
  - SCLAlertView (0.8)
  - Stripe (13.2.0)

DEPENDENCIES:
  - Alamofire
  - CreditCardForm
  - SCLAlertView
  - Stripe

SPEC REPOS:
  https://github.com/cocoapods/specs.git:
    - Alamofire
    - CreditCardForm
    - SCLAlertView
    - Stripe

SPEC CHECKSUMS:
  Alamofire: c7287b6e5d7da964a70935e5db17046b7fde6568
  CreditCardForm: 66f0ce5a12182000a457d56f5630049efd3432df
  SCLAlertView: 6a77bb2edfc65e04dbe57725546cb4107a506b85
  Stripe: 2c69e216061d54d9c538204bb4f58bd597ddfc5b

PODFILE CHECKSUM: 92000f3ad21fc7277bf4e726feb824f1a093220d

COCOAPODS: 1.5.3
